
Microsoft Visual Studio Solution File, Format Version 12.00
# Visual Studio Version 17
VisualStudioVersion = 17.9.34607.119
MinimumVisualStudioVersion = 10.0.40219.1
Project("{FAE04EC0-301F-11D3-BF4B-00C04F79EFBC}") = "LettoreVideo", "LettoreVideo\LettoreVideo.csproj", "{706A1BB4-14E6-476F-AE19-230828406393}"
EndProject
Global
	GlobalSection(SolutionConfigurationPlatforms) = preSolution
		Debug|Any CPU = Debug|Any CPU
		Release|Any CPU = Release|Any CPU
	EndGlobalSection
	GlobalSection(ProjectConfigurationPlatforms) = postSolution
		{706A1BB4-14E6-476F-AE19-230828406393}.Debug|Any CPU.ActiveCfg = Debug|Any CPU
		{706A1BB4-14E6-476F-AE19-230828406393}.Debug|Any CPU.Build.0 = Debug|Any CPU
		{706A1BB4-14E6-476F-AE19-230828406393}.Release|Any CPU.ActiveCfg = Release|Any CPU
		{706A1BB4-14E6-476F-AE19-230828406393}.Release|Any CPU.Build.0 = Release|Any CPU
	EndGlobalSection
	GlobalSection(SolutionProperties) = preSolution
		HideSolutionNode = FALSE
	EndGlobalSection
	GlobalSection(ExtensibilityGlobals) = postSolution
		SolutionGuid = {10F71E89-3A51-464F-9794-17D4A2F22017}
	EndGlobalSection
EndGlobal
